// !$*UTF8*$!
{
	archiveVersion = 1;
	classes = {
	};
	objectVersion = 48;
	objects = {

/* Begin PBXBuildFile section */
		DDADE3C91F999C340030577E /* AppDelegate.swift in Sources */ = {isa = PBXBuildFile; fileRef = DDADE3C81F999C340030577E /* AppDelegate.swift */; };
		DDADE3CB1F999C340030577E /* ViewController.swift in Sources */ = {isa = PBXBuildFile; fileRef = DDADE3CA1F999C340030577E /* ViewController.swift */; };
		DDADE3CE1F999C340030577E /* Main.storyboard in Resources */ = {isa = PBXBuildFile; fileRef = DDADE3CC1F999C340030577E /* Main.storyboard */; };
		DDADE3D01F999C340030577E /* Assets.xcassets in Resources */ = {isa = PBXBuildFile; fileRef = DDADE3CF1F999C340030577E /* Assets.xcassets */; };
		DDADE3D31F999C340030577E /* LaunchScreen.storyboard in Resources */ = {isa = PBXBuildFile; fileRef = DDADE3D11F999C340030577E /* LaunchScreen.storyboard */; };
		DDADE3DC1F999D220030577E /* monster.png in Resources */ = {isa = PBXBuildFile; fileRef = DDADE3DA1F999D180030577E /* monster.png */; };
		DDADE3DD1F999D250030577E /* ball.png in Resources */ = {isa = PBXBuildFile; fileRef = DDADE3DB1F999D180030577E /* ball.png */; };
/* End PBXBuildFile section */

/* Begin PBXFileReference section */
		DDADE3C51F999C340030577E /* SpriteKit Standalone.app */ = {isa = PBXFileReference; explicitFileType = wrapper.application; includeInIndex = 0; path = "SpriteKit Standalone.app"; sourceTree = BUILT_PRODUCTS_DIR; };
		DDADE3C81F999C340030577E /* AppDelegate.swift */ = {isa = PBXFileReference; lastKnownFileType = sourcecode.swift; path = AppDelegate.swift; sourceTree = "<group>"; };
		DDADE3CA1F999C340030577E /* ViewController.swift */ = {isa = PBXFileReference; lastKnownFileType = sourcecode.swift; path = ViewController.swift; sourceTree = "<group>"; };
		DDADE3CD1F999C340030577E /* Base */ = {isa = PBXFileReference; lastKnownFileType = file.storyboard; name = Base; path = Base.lproj/Main.storyboard; sourceTree = "<group>"; };
		DDADE3CF1F999C340030577E /* Assets.xcassets */ = {isa = PBXFileReference; lastKnownFileType = folder.assetcatalog; path = Assets.xcassets; sourceTree = "<group>"; };
		DDADE3D21F999C340030577E /* Base */ = {isa = PBXFileReference; lastKnownFileType = file.storyboard; name = Base; path = Base.lproj/LaunchScreen.storyboard; sourceTree = "<group>"; };
		DDADE3D41F999C340030577E /* Info.plist */ = {isa = PBXFileReference; lastKnownFileType = text.plist.xml; path = Info.plist; sourceTree = "<group>"; };
		DDADE3DA1F999D180030577E /* monster.png */ = {isa = PBXFileReference; lastKnownFileType = image.png; path = monster.png; sourceTree = "<group>"; };
		DDADE3DB1F999D180030577E /* ball.png */ = {isa = PBXFileReference; lastKnownFileType = image.png; path = ball.png; sourceTree = "<group>"; };
/* End PBXFileReference section */

/* Begin PBXFrameworksBuildPhase section */
		DDADE3C21F999C340030577E /* Frameworks */ = {
			isa = PBXFrameworksBuildPhase;
			buildActionMask = 2147483647;
			files = (
			);
			runOnlyForDeploymentPostprocessing = 0;
		};
/* End PBXFrameworksBuildPhase section */

/* Begin PBXGroup section */
		DDADE3BC1F999C330030577E = {
			isa = PBXGroup;
			children = (
				DDADE3C71F999C340030577E /* SpriteKit Standalone */,
				DDADE3C61F999C340030577E /* Products */,
			);
			sourceTree = "<group>";
		};
		DDADE3C61F999C340030577E /* Products */ = {
			isa = PBXGroup;
			children = (
				DDADE3C51F999C340030577E /* SpriteKit Standalone.app */,
			);
			name = Products;
			sourceTree = "<group>";
		};
		DDADE3C71F999C340030577E /* SpriteKit Standalone */ = {
			isa = PBXGroup;
			children = (
				DDADE3C81F999C340030577E /* AppDelegate.swift */,
				DDADE3CA1F999C340030577E /* ViewController.swift */,
				DDADE3CC1F999C340030577E /* Main.storyboard */,
				DDADE3CF1F999C340030577E /* Assets.xcassets */,
				DDADE3D11F999C340030577E /* LaunchScreen.storyboard */,
				DDADE3D41F999C340030577E /* Info.plist */,
				DDADE3DA1F999D180030577E /* monster.png */,
				DDADE3DB1F999D180030577E /* ball.png */,
			);
			path = "SpriteKit Standalone";
			sourceTree = "<group>";
		};
/* End PBXGroup section */

/* Begin PBXNativeTarget section */
		DDADE3C41F999C340030577E /* SpriteKit Standalone */ = {
			isa = PBXNativeTarget;
			buildConfigurationList = DDADE3D71F999C340030577E /* Build configuration list for PBXNativeTarget "SpriteKit Standalone" */;
			buildPhases = (
				DDADE3C11F999C340030577E /* Sources */,
				DDADE3C21F999C340030577E /* Frameworks */,
				DDADE3C31F999C340030577E /* Resources */,
			);
			buildRules = (
			);
			dependencies = (
			);
			name = "SpriteKit Standalone";
			productName = "SpriteKit Standalone";
			productReference = DDADE3C51F999C340030577E /* SpriteKit Standalone.app */;
			productType = "com.apple.product-type.application";
		};
/* End PBXNativeTarget section */

/* Begin PBXProject section */
		DDADE3BD1F999C330030577E /* Project object */ = {
			isa = PBXProject;
			attributes = {
				LastSwiftUpdateCheck = 0900;
				LastUpgradeCheck = 0900;
				ORGANIZATIONNAME = "Justin R. Miller";
				TargetAttributes = {
					DDADE3C41F999C340030577E = {
						CreatedOnToolsVersion = 9.0;
						ProvisioningStyle = Automatic;
					};
				};
			};
			buildConfigurationList = DDADE3C01F999C330030577E /* Build configuration list for PBXProject "SpriteKit Standalone" */;
			compatibilityVersion = "Xcode 8.0";
			developmentRegion = en;
			hasScannedForEncodings = 0;
			knownRegions = (
				en,
				Base,
			);
			mainGroup = DDADE3BC1F999C330030577E;
			productRefGroup = DDADE3C61F999C340030577E /* Products */;
			projectDirPath = "";
			projectRoot = "";
			targets = (
				DDADE3C41F999C340030577E /* SpriteKit Standalone */,
			);
		};
/* End PBXProject section */

/* Begin PBXResourcesBuildPhase section */
		DDADE3C31F999C340030577E /* Resources */ = {
			isa = PBXResourcesBuildPhase;
			buildActionMask = 2147483647;
			files = (
				DDADE3D31F999C340030577E /* LaunchScreen.storyboard in Resources */,
				DDADE3D01F999C340030577E /* Assets.xcassets in Resources */,
				DDADE3CE1F999C340030577E /* Main.storyboard in Resources */,
				DDADE3DC1F999D220030577E /* monster.png in Resources */,
				DDADE3DD1F999D250030577E /* ball.png in Resources */,
			);
			runOnlyForDeploymentPostprocessing = 0;
		};
/* End PBXResourcesBuildPhase section */

/* Begin PBXSourcesBuildPhase section */
		DDADE3C11F999C340030577E /* Sources */ = {
			isa = PBXSourcesBuildPhase;
			buildActionMask = 2147483647;
			files = (
				DDADE3CB1F999C340030577E /* ViewController.swift in Sources */,
				DDADE3C91F999C340030577E /* AppDelegate.swift in Sources */,
			);
			runOnlyForDeploymentPostprocessing = 0;
		};
/* End PBXSourcesBuildPhase section */

/* Begin PBXVariantGroup section */
		DDADE3CC1F999C340030577E /* Main.storyboard */ = {
			isa = PBXVariantGroup;
			children = (
				DDADE3CD1F999C340030577E /* Base */,
			);
			name = Main.storyboard;
			sourceTree = "<group>";
		};
		DDADE3D11F999C340030577E /* LaunchScreen.storyboard */ = {
			isa = PBXVariantGroup;
			children = (
				DDADE3D21F999C340030577E /* Base */,
			);
			name = LaunchScreen.storyboard;
			sourceTree = "<group>";
		};
/* End PBXVariantGroup section */

/* Begin XCBuildConfiguration section */
		DDADE3D51F999C340030577E /* Debug */ = {
			isa = XCBuildConfiguration;
			buildSettings = {
				ALWAYS_SEARCH_USER_PATHS = NO;
				CLANG_ANALYZER_NONNULL = YES;
				CLANG_ANALYZER_NUMBER_OBJECT_CONVERSION = YES_AGGRESSIVE;
				CLANG_CXX_LANGUAGE_STANDARD = "gnu++14";
				CLANG_CXX_LIBRARY = "libc++";
				CLANG_ENABLE_MODULES = YES;
				CLANG_ENABLE_OBJC_ARC = YES;
				CLANG_WARN_BLOCK_CAPTURE_AUTORELEASING = YES;
				CLANG_WARN_BOOL_CONVERSION = YES;
				CLANG_WARN_COMMA = YES;
				CLANG_WARN_CONSTANT_CONVERSION = YES;
				CLANG_WARN_DIRECT_OBJC_ISA_USAGE = YES_ERROR;
				CLANG_WARN_DOCUMENTATION_COMMENTS = YES;
				CLANG_WARN_EMPTY_BODY = YES;
				CLANG_WARN_ENUM_CONVERSION = YES;
				CLANG_WARN_INFINITE_RECURSION = YES;
				CLANG_WARN_INT_CONVERSION = YES;
				CLANG_WARN_NON_LITERAL_NULL_CONVERSION = YES;
				CLANG_WARN_OBJC_LITERAL_CONVERSION = YES;
				CLANG_WARN_OBJC_ROOT_CLASS = YES_ERROR;
				CLANG_WARN_RANGE_LOOP_ANALYSIS = YES;
				CLANG_WARN_STRICT_PROTOTYPES = YES;
				CLANG_WARN_SUSPICIOUS_MOVE = YES;
				CLANG_WARN_UNGUARDED_AVAILABILITY = YES_AGGRESSIVE;
				CLANG_WARN_UNREACHABLE_CODE = YES;
				CLANG_WARN__DUPLICATE_METHOD_MATCH = YES;
				CODE_SIGN_IDENTITY = "iPhone Developer";
				COPY_PHASE_STRIP = NO;
				DEBUG_INFORMATION_FORMAT = dwarf;
				ENABLE_STRICT_OBJC_MSGSEND = YES;
				ENABLE_TESTABILITY = YES;
				GCC_C_LANGUAGE_STANDARD = gnu11;
				GCC_DYNAMIC_NO_PIC = NO;
				GCC_NO_COMMON_BLOCKS = YES;
				GCC_OPTIMIZATION_LEVEL = 0;
				GCC_PREPROCESSOR_DEFINITIONS = (
					"DEBUG=1",
					"$(inherited)",
				);
				GCC_WARN_64_TO_32_BIT_CONVERSION = YES;
				GCC_WARN_ABOUT_RETURN_TYPE = YES_ERROR;
				GCC_WARN_UNDECLARED_SELECTOR = YES;
				GCC_WARN_UNINITIALIZED_AUTOS = YES_AGGRESSIVE;
				GCC_WARN_UNUSED_FUNCTION = YES;
				GCC_WARN_UNUSED_VARIABLE = YES;
				IPHONEOS_DEPLOYMENT_TARGET = 11.0;
				MTL_ENABLE_DEBUG_INFO = YES;
				ONLY_ACTIVE_ARCH = YES;
				SDKROOT = iphoneos;
				SWIFT_ACTIVE_COMPILATION_CONDITIONS = DEBUG;
				SWIFT_OPTIMIZATION_LEVEL = "-Onone";
			};
			name = Debug;
		};
		DDADE3D61F999C340030577E /* Release */ = {
			isa = XCBuildConfiguration;
			buildSettings = {
				ALWAYS_SEARCH_USER_PATHS = NO;
				CLANG_ANALYZER_NONNULL = YES;
				CLANG_ANALYZER_NUMBER_OBJECT_CONVERSION = YES_AGGRESSIVE;
				CLANG_CXX_LANGUAGE_STANDARD = "gnu++14";
				CLANG_CXX_LIBRARY = "libc++";
				CLANG_ENABLE_MODULES = YES;
				CLANG_ENABLE_OBJC_ARC = YES;
				CLANG_WARN_BLOCK_CAPTURE_AUTORELEASING = YES;
				CLANG_WARN_BOOL_CONVERSION = YES;
				CLANG_WARN_COMMA = YES;
				CLANG_WARN_CONSTANT_CONVERSION = YES;
				CLANG_WARN_DIRECT_OBJC_ISA_USAGE = YES_ERROR;
				CLANG_WARN_DOCUMENTATION_COMMENTS = YES;
				CLANG_WARN_EMPTY_BODY = YES;
				CLANG_WARN_ENUM_CONVERSION = YES;
				CLANG_WARN_INFINITE_RECURSION = YES;
				CLANG_WARN_INT_CONVERSION = YES;
				CLANG_WARN_NON_LITERAL_NULL_CONVERSION = YES;
				CLANG_WARN_OBJC_LITERAL_CONVERSION = YES;
				CLANG_WARN_OBJC_ROOT_CLASS = YES_ERROR;
				CLANG_WARN_RANGE_LOOP_ANALYSIS = YES;
				CLANG_WARN_STRICT_PROTOTYPES = YES;
				CLANG_WARN_SUSPICIOUS_MOVE = YES;
				CLANG_WARN_UNGUARDED_AVAILABILITY = YES_AGGRESSIVE;
				CLANG_WARN_UNREACHABLE_CODE = YES;
				CLANG_WARN__DUPLICATE_METHOD_MATCH = YES;
				CODE_SIGN_IDENTITY = "iPhone Developer";
				COPY_PHASE_STRIP = NO;
				DEBUG_INFORMATION_FORMAT = "dwarf-with-dsym";
				ENABLE_NS_ASSERTIONS = NO;
				ENABLE_STRICT_OBJC_MSGSEND = YES;
				GCC_C_LANGUAGE_STANDARD = gnu11;
				GCC_NO_COMMON_BLOCKS = YES;
				GCC_WARN_64_TO_32_BIT_CONVERSION = YES;
				GCC_WARN_ABOUT_RETURN_TYPE = YES_ERROR;
				GCC_WARN_UNDECLARED_SELECTOR = YES;
				GCC_WARN_UNINITIALIZED_AUTOS = YES_AGGRESSIVE;
				GCC_WARN_UNUSED_FUNCTION = YES;
				GCC_WARN_UNUSED_VARIABLE = YES;
				IPHONEOS_DEPLOYMENT_TARGET = 11.0;
				MTL_ENABLE_DEBUG_INFO = NO;
				SDKROOT = iphoneos;
				SWIFT_OPTIMIZATION_LEVEL = "-Owholemodule";
				VALIDATE_PRODUCT = YES;
			};
			name = Release;
		};
		DDADE3D81F999C340030577E /* Debug */ = {
			isa = XCBuildConfiguration;
			buildSettings = {
				ASSETCATALOG_COMPILER_APPICON_NAME = AppIcon;
				CODE_SIGN_STYLE = Automatic;
				DEVELOPMENT_TEAM = BCEFQF8MNF;
				INFOPLIST_FILE = "SpriteKit Standalone/Info.plist";
				LD_RUNPATH_SEARCH_PATHS = "$(inherited) @executable_path/Frameworks";
				PRODUCT_BUNDLE_IDENTIFIER = "io.justinmiller.SpriteKit-Standalone";
				PRODUCT_NAME = "$(TARGET_NAME)";
				SWIFT_VERSION = 4.0;
				TARGETED_DEVICE_FAMILY = "1,2";
			};
			name = Debug;
		};
		DDADE3D91F999C340030577E /* Release */ = {
			isa = XCBuildConfiguration;
			buildSettings = {
				ASSETCATALOG_COMPILER_APPICON_NAME = AppIcon;
				CODE_SIGN_STYLE = Automatic;
				DEVELOPMENT_TEAM = BCEFQF8MNF;
				INFOPLIST_FILE = "SpriteKit Standalone/Info.plist";
				LD_RUNPATH_SEARCH_PATHS = "$(inherited) @executable_path/Frameworks";
				PRODUCT_BUNDLE_IDENTIFIER = "io.justinmiller.SpriteKit-Standalone";
				PRODUCT_NAME = "$(TARGET_NAME)";
				SWIFT_VERSION = 4.0;
				TARGETED_DEVICE_FAMILY = "1,2";
			};
			name = Release;
		};
/* End XCBuildConfiguration section */

/* Begin XCConfigurationList section */
		DDADE3C01F999C330030577E /* Build configuration list for PBXProject "SpriteKit Standalone" */ = {
			isa = XCConfigurationList;
			buildConfigurations = (
				DDADE3D51F999C340030577E /* Debug */,
				DDADE3D61F999C340030577E /* Release */,
			);
			defaultConfigurationIsVisible = 0;
			defaultConfigurationName = Release;
		};
		DDADE3D71F999C340030577E /* Build configuration list for PBXNativeTarget "SpriteKit Standalone" */ = {
			isa = XCConfigurationList;
			buildConfigurations = (
				DDADE3D81F999C340030577E /* Debug */,
				DDADE3D91F999C340030577E /* Release */,
			);
			defaultConfigurationIsVisible = 0;
			defaultConfigurationName = Release;
		};
/* End XCConfigurationList section */
	};
	rootObject = DDADE3BD1F999C330030577E /* Project object */;
}
